// !$*UTF8*$!
{
	archiveVersion = 1;
	classes = {
	};
	objectVersion = 46;
	objects = {

/* Begin PBXBuildFile section */
		615B71F01ED37C88003DB6E9 /* ViewController.swift in Sources */ = {isa = PBXBuildFile; fileRef = 615B71EF1ED37C88003DB6E9 /* ViewController.swift */; };
		615B71F21ED37FAD003DB6E9 /* TabTwoViewController.swift in Sources */ = {isa = PBXBuildFile; fileRef = 615B71F11ED37FAD003DB6E9 /* TabTwoViewController.swift */; };
		615B71F41ED38702003DB6E9 /* TabThreeViewController.swift in Sources */ = {isa = PBXBuildFile; fileRef = 615B71F31ED38702003DB6E9 /* TabThreeViewController.swift */; };
		615B71F61ED3A128003DB6E9 /* SettingsTableViewController.swift in Sources */ = {isa = PBXBuildFile; fileRef = 615B71F51ED3A128003DB6E9 /* SettingsTableViewController.swift */; };
		615B71F81ED3A293003DB6E9 /* SettingsTableViewCell1.swift in Sources */ = {isa = PBXBuildFile; fileRef = 615B71F71ED3A293003DB6E9 /* SettingsTableViewCell1.swift */; };
		61BE017E1ECAE8E7000C92DF /* DeluxeButton.swift in Sources */ = {isa = PBXBuildFile; fileRef = 61BE017D1ECAE8E7000C92DF /* DeluxeButton.swift */; };
		61BE01801ECC4B6E000C92DF /* Food.swift in Sources */ = {isa = PBXBuildFile; fileRef = 61BE017F1ECC4B6E000C92DF /* Food.swift */; };
		61BE01821ECD6772000C92DF /* UserSettingsViewController.swift in Sources */ = {isa = PBXBuildFile; fileRef = 61BE01811ECD6772000C92DF /* UserSettingsViewController.swift */; };
		61BE01841ECEEC26000C92DF /* currentInfoTableViewController.swift in Sources */ = {isa = PBXBuildFile; fileRef = 61BE01831ECEEC26000C92DF /* currentInfoTableViewController.swift */; };
		61BE01861ED0E735000C92DF /* CustomTableViewCell1.swift in Sources */ = {isa = PBXBuildFile; fileRef = 61BE01851ED0E735000C92DF /* CustomTableViewCell1.swift */; };
		61BE01881ED0EEEA000C92DF /* CustomTableViewCell2.swift in Sources */ = {isa = PBXBuildFile; fileRef = 61BE01871ED0EEEA000C92DF /* CustomTableViewCell2.swift */; };
		61BE018A1ED0EF08000C92DF /* CustomTableViewCell3.swift in Sources */ = {isa = PBXBuildFile; fileRef = 61BE01891ED0EF08000C92DF /* CustomTableViewCell3.swift */; };
		61BE018C1ED29F5F000C92DF /* Event + Article + Video.swift in Sources */ = {isa = PBXBuildFile; fileRef = 61BE018B1ED29F5F000C92DF /* Event + Article + Video.swift */; };
		61F7B2361EC96AF600674EC7 /* AppDelegate.swift in Sources */ = {isa = PBXBuildFile; fileRef = 61F7B2351EC96AF600674EC7 /* AppDelegate.swift */; };
		61F7B23B1EC96AF600674EC7 /* Main.storyboard in Resources */ = {isa = PBXBuildFile; fileRef = 61F7B2391EC96AF600674EC7 /* Main.storyboard */; };
		61F7B23D1EC96AF600674EC7 /* Assets.xcassets in Resources */ = {isa = PBXBuildFile; fileRef = 61F7B23C1EC96AF600674EC7 /* Assets.xcassets */; };
		61F7B2401EC96AF600674EC7 /* LaunchScreen.storyboard in Resources */ = {isa = PBXBuildFile; fileRef = 61F7B23E1EC96AF600674EC7 /* LaunchScreen.storyboard */; };
		61F7B2481EC96C9500674EC7 /* HorisontalScrollingImg.swift in Sources */ = {isa = PBXBuildFile; fileRef = 61F7B2471EC96C9500674EC7 /* HorisontalScrollingImg.swift */; };
		61F7B26C1EC97B4600674EC7 /* OldViewController.swift in Sources */ = {isa = PBXBuildFile; fileRef = 61F7B26B1EC97B4600674EC7 /* OldViewController.swift */; };
		61F7B26E1EC97B9000674EC7 /* HomePageViewController.swift in Sources */ = {isa = PBXBuildFile; fileRef = 61F7B26D1EC97B9000674EC7 /* HomePageViewController.swift */; };
/* End PBXBuildFile section */

/* Begin PBXFileReference section */
		615B71EF1ED37C88003DB6E9 /* ViewController.swift */ = {isa = PBXFileReference; fileEncoding = 4; lastKnownFileType = sourcecode.swift; path = ViewController.swift; sourceTree = "<group>"; };
		615B71F11ED37FAD003DB6E9 /* TabTwoViewController.swift */ = {isa = PBXFileReference; fileEncoding = 4; lastKnownFileType = sourcecode.swift; path = TabTwoViewController.swift; sourceTree = "<group>"; };
		615B71F31ED38702003DB6E9 /* TabThreeViewController.swift */ = {isa = PBXFileReference; fileEncoding = 4; lastKnownFileType = sourcecode.swift; path = TabThreeViewController.swift; sourceTree = "<group>"; };
		615B71F51ED3A128003DB6E9 /* SettingsTableViewController.swift */ = {isa = PBXFileReference; fileEncoding = 4; lastKnownFileType = sourcecode.swift; path = SettingsTableViewController.swift; sourceTree = "<group>"; };
		615B71F71ED3A293003DB6E9 /* SettingsTableViewCell1.swift */ = {isa = PBXFileReference; fileEncoding = 4; lastKnownFileType = sourcecode.swift; path = SettingsTableViewCell1.swift; sourceTree = "<group>"; };
		61BE017D1ECAE8E7000C92DF /* DeluxeButton.swift */ = {isa = PBXFileReference; fileEncoding = 4; lastKnownFileType = sourcecode.swift; path = DeluxeButton.swift; sourceTree = "<group>"; };
		61BE017F1ECC4B6E000C92DF /* Food.swift */ = {isa = PBXFileReference; fileEncoding = 4; lastKnownFileType = sourcecode.swift; path = Food.swift; sourceTree = "<group>"; };
		61BE01811ECD6772000C92DF /* UserSettingsViewController.swift */ = {isa = PBXFileReference; fileEncoding = 4; lastKnownFileType = sourcecode.swift; path = UserSettingsViewController.swift; sourceTree = "<group>"; };
		61BE01831ECEEC26000C92DF /* currentInfoTableViewController.swift */ = {isa = PBXFileReference; fileEncoding = 4; lastKnownFileType = sourcecode.swift; path = currentInfoTableViewController.swift; sourceTree = "<group>"; };
		61BE01851ED0E735000C92DF /* CustomTableViewCell1.swift */ = {isa = PBXFileReference; fileEncoding = 4; lastKnownFileType = sourcecode.swift; path = CustomTableViewCell1.swift; sourceTree = "<group>"; };
		61BE01871ED0EEEA000C92DF /* CustomTableViewCell2.swift */ = {isa = PBXFileReference; fileEncoding = 4; lastKnownFileType = sourcecode.swift; path = CustomTableViewCell2.swift; sourceTree = "<group>"; };
		61BE01891ED0EF08000C92DF /* CustomTableViewCell3.swift */ = {isa = PBXFileReference; fileEncoding = 4; lastKnownFileType = sourcecode.swift; path = CustomTableViewCell3.swift; sourceTree = "<group>"; };
		61BE018B1ED29F5F000C92DF /* Event + Article + Video.swift */ = {isa = PBXFileReference; fileEncoding = 4; lastKnownFileType = sourcecode.swift; path = "Event + Article + Video.swift"; sourceTree = "<group>"; };
		61F7B2321EC96AF600674EC7 /* YogaClub.app */ = {isa = PBXFileReference; explicitFileType = wrapper.application; includeInIndex = 0; path = YogaClub.app; sourceTree = BUILT_PRODUCTS_DIR; };
		61F7B2351EC96AF600674EC7 /* AppDelegate.swift */ = {isa = PBXFileReference; lastKnownFileType = sourcecode.swift; path = AppDelegate.swift; sourceTree = "<group>"; };
		61F7B23A1EC96AF600674EC7 /* Base */ = {isa = PBXFileReference; lastKnownFileType = file.storyboard; name = Base; path = Base.lproj/Main.storyboard; sourceTree = "<group>"; };
		61F7B23C1EC96AF600674EC7 /* Assets.xcassets */ = {isa = PBXFileReference; lastKnownFileType = folder.assetcatalog; path = Assets.xcassets; sourceTree = "<group>"; };
		61F7B23F1EC96AF600674EC7 /* Base */ = {isa = PBXFileReference; lastKnownFileType = file.storyboard; name = Base; path = Base.lproj/LaunchScreen.storyboard; sourceTree = "<group>"; };
		61F7B2411EC96AF600674EC7 /* Info.plist */ = {isa = PBXFileReference; lastKnownFileType = text.plist.xml; path = Info.plist; sourceTree = "<group>"; };
		61F7B2471EC96C9500674EC7 /* HorisontalScrollingImg.swift */ = {isa = PBXFileReference; fileEncoding = 4; lastKnownFileType = sourcecode.swift; path = HorisontalScrollingImg.swift; sourceTree = "<group>"; };
		61F7B26B1EC97B4600674EC7 /* OldViewController.swift */ = {isa = PBXFileReference; fileEncoding = 4; lastKnownFileType = sourcecode.swift; path = OldViewController.swift; sourceTree = "<group>"; };
		61F7B26D1EC97B9000674EC7 /* HomePageViewController.swift */ = {isa = PBXFileReference; fileEncoding = 4; lastKnownFileType = sourcecode.swift; path = HomePageViewController.swift; sourceTree = "<group>"; };
/* End PBXFileReference section */

/* Begin PBXFrameworksBuildPhase section */
		61F7B22F1EC96AF600674EC7 /* Frameworks */ = {
			isa = PBXFrameworksBuildPhase;
			buildActionMask = 2147483647;
			files = (
			);
			runOnlyForDeploymentPostprocessing = 0;
		};
/* End PBXFrameworksBuildPhase section */

/* Begin PBXGroup section */
		61F7B2291EC96AF600674EC7 = {
			isa = PBXGroup;
			children = (
				615B71F51ED3A128003DB6E9 /* SettingsTableViewController.swift */,
				615B71F71ED3A293003DB6E9 /* SettingsTableViewCell1.swift */,
				61BE01831ECEEC26000C92DF /* currentInfoTableViewController.swift */,
				61BE01851ED0E735000C92DF /* CustomTableViewCell1.swift */,
				61BE01871ED0EEEA000C92DF /* CustomTableViewCell2.swift */,
				61BE01891ED0EF08000C92DF /* CustomTableViewCell3.swift */,
				61BE017F1ECC4B6E000C92DF /* Food.swift */,
				61BE018B1ED29F5F000C92DF /* Event + Article + Video.swift */,
				61F7B2341EC96AF600674EC7 /* YogaClub */,
				61F7B2331EC96AF600674EC7 /* Products */,
			);
			sourceTree = "<group>";
		};
		61F7B2331EC96AF600674EC7 /* Products */ = {
			isa = PBXGroup;
			children = (
				61F7B2321EC96AF600674EC7 /* YogaClub.app */,
			);
			name = Products;
			sourceTree = "<group>";
		};
		61F7B2341EC96AF600674EC7 /* YogaClub */ = {
			isa = PBXGroup;
			children = (
				61F7B2351EC96AF600674EC7 /* AppDelegate.swift */,
				61F7B26B1EC97B4600674EC7 /* OldViewController.swift */,
				615B71EF1ED37C88003DB6E9 /* ViewController.swift */,
				615B71F11ED37FAD003DB6E9 /* TabTwoViewController.swift */,
				615B71F31ED38702003DB6E9 /* TabThreeViewController.swift */,
				61F7B26D1EC97B9000674EC7 /* HomePageViewController.swift */,
				61F7B2471EC96C9500674EC7 /* HorisontalScrollingImg.swift */,
				61BE01811ECD6772000C92DF /* UserSettingsViewController.swift */,
				61BE017D1ECAE8E7000C92DF /* DeluxeButton.swift */,
				61F7B2391EC96AF600674EC7 /* Main.storyboard */,
				61F7B23C1EC96AF600674EC7 /* Assets.xcassets */,
				61F7B23E1EC96AF600674EC7 /* LaunchScreen.storyboard */,
				61F7B2411EC96AF600674EC7 /* Info.plist */,
			);
			path = YogaClub;
			sourceTree = "<group>";
		};
/* End PBXGroup section */

/* Begin PBXNativeTarget section */
		61F7B2311EC96AF600674EC7 /* YogaClub */ = {
			isa = PBXNativeTarget;
			buildConfigurationList = 61F7B2441EC96AF600674EC7 /* Build configuration list for PBXNativeTarget "YogaClub" */;
			buildPhases = (
				61F7B22E1EC96AF600674EC7 /* Sources */,
				61F7B22F1EC96AF600674EC7 /* Frameworks */,
				61F7B2301EC96AF600674EC7 /* Resources */,
			);
			buildRules = (
			);
			dependencies = (
			);
			name = YogaClub;
			productName = YogaClub;
			productReference = 61F7B2321EC96AF600674EC7 /* YogaClub.app */;
			productType = "com.apple.product-type.application";
		};
/* End PBXNativeTarget section */

/* Begin PBXProject section */
		61F7B22A1EC96AF600674EC7 /* Project object */ = {
			isa = PBXProject;
			attributes = {
				LastSwiftUpdateCheck = 0830;
				LastUpgradeCheck = 0830;
				ORGANIZATIONNAME = "Лилия Левина";
				TargetAttributes = {
					61F7B2311EC96AF600674EC7 = {
						CreatedOnToolsVersion = 8.3.1;
						DevelopmentTeam = 9A9LR934E6;
						ProvisioningStyle = Automatic;
					};
				};
			};
			buildConfigurationList = 61F7B22D1EC96AF600674EC7 /* Build configuration list for PBXProject "YogaClub" */;
			compatibilityVersion = "Xcode 3.2";
			developmentRegion = English;
			hasScannedForEncodings = 0;
			knownRegions = (
				en,
				Base,
			);
			mainGroup = 61F7B2291EC96AF600674EC7;
			productRefGroup = 61F7B2331EC96AF600674EC7 /* Products */;
			projectDirPath = "";
			projectRoot = "";
			targets = (
				61F7B2311EC96AF600674EC7 /* YogaClub */,
			);
		};
/* End PBXProject section */

/* Begin PBXResourcesBuildPhase section */
		61F7B2301EC96AF600674EC7 /* Resources */ = {
			isa = PBXResourcesBuildPhase;
			buildActionMask = 2147483647;
			files = (
				61F7B2401EC96AF600674EC7 /* LaunchScreen.storyboard in Resources */,
				61F7B23D1EC96AF600674EC7 /* Assets.xcassets in Resources */,
				61F7B23B1EC96AF600674EC7 /* Main.storyboard in Resources */,
			);
			runOnlyForDeploymentPostprocessing = 0;
		};
/* End PBXResourcesBuildPhase section */

/* Begin PBXSourcesBuildPhase section */
		61F7B22E1EC96AF600674EC7 /* Sources */ = {
			isa = PBXSourcesBuildPhase;
			buildActionMask = 2147483647;
			files = (
				61F7B26C1EC97B4600674EC7 /* OldViewController.swift in Sources */,
				615B71F41ED38702003DB6E9 /* TabThreeViewController.swift in Sources */,
				61F7B2481EC96C9500674EC7 /* HorisontalScrollingImg.swift in Sources */,
				61BE018A1ED0EF08000C92DF /* CustomTableViewCell3.swift in Sources */,
				61BE017E1ECAE8E7000C92DF /* DeluxeButton.swift in Sources */,
				61BE018C1ED29F5F000C92DF /* Event + Article + Video.swift in Sources */,
				61BE01881ED0EEEA000C92DF /* CustomTableViewCell2.swift in Sources */,
				61BE01861ED0E735000C92DF /* CustomTableViewCell1.swift in Sources */,
				61BE01801ECC4B6E000C92DF /* Food.swift in Sources */,
				615B71F01ED37C88003DB6E9 /* ViewController.swift in Sources */,
				615B71F81ED3A293003DB6E9 /* SettingsTableViewCell1.swift in Sources */,
				615B71F21ED37FAD003DB6E9 /* TabTwoViewController.swift in Sources */,
				61F7B2361EC96AF600674EC7 /* AppDelegate.swift in Sources */,
				615B71F61ED3A128003DB6E9 /* SettingsTableViewController.swift in Sources */,
				61BE01841ECEEC26000C92DF /* currentInfoTableViewController.swift in Sources */,
				61F7B26E1EC97B9000674EC7 /* HomePageViewController.swift in Sources */,
				61BE01821ECD6772000C92DF /* UserSettingsViewController.swift in Sources */,
			);
			runOnlyForDeploymentPostprocessing = 0;
		};
/* End PBXSourcesBuildPhase section */

/* Begin PBXVariantGroup section */
		61F7B2391EC96AF600674EC7 /* Main.storyboard */ = {
			isa = PBXVariantGroup;
			children = (
				61F7B23A1EC96AF600674EC7 /* Base */,
			);
			name = Main.storyboard;
			sourceTree = "<group>";
		};
		61F7B23E1EC96AF600674EC7 /* LaunchScreen.storyboard */ = {
			isa = PBXVariantGroup;
			children = (
				61F7B23F1EC96AF600674EC7 /* Base */,
			);
			name = LaunchScreen.storyboard;
			sourceTree = "<group>";
		};
/* End PBXVariantGroup section */

/* Begin XCBuildConfiguration section */
		61F7B2421EC96AF600674EC7 /* Debug */ = {
			isa = XCBuildConfiguration;
			buildSettings = {
				ALWAYS_SEARCH_USER_PATHS = NO;
				CLANG_ANALYZER_NONNULL = YES;
				CLANG_ANALYZER_NUMBER_OBJECT_CONVERSION = YES_AGGRESSIVE;
				CLANG_CXX_LANGUAGE_STANDARD = "gnu++0x";
				CLANG_CXX_LIBRARY = "libc++";
				CLANG_ENABLE_MODULES = YES;
				CLANG_ENABLE_OBJC_ARC = YES;
				CLANG_WARN_BOOL_CONVERSION = YES;
				CLANG_WARN_CONSTANT_CONVERSION = YES;
				CLANG_WARN_DIRECT_OBJC_ISA_USAGE = YES_ERROR;
				CLANG_WARN_DOCUMENTATION_COMMENTS = YES;
				CLANG_WARN_EMPTY_BODY = YES;
				CLANG_WARN_ENUM_CONVERSION = YES;
				CLANG_WARN_INFINITE_RECURSION = YES;
				CLANG_WARN_INT_CONVERSION = YES;
				CLANG_WARN_OBJC_ROOT_CLASS = YES_ERROR;
				CLANG_WARN_SUSPICIOUS_MOVE = YES;
				CLANG_WARN_UNREACHABLE_CODE = YES;
				CLANG_WARN__DUPLICATE_METHOD_MATCH = YES;
				"CODE_SIGN_IDENTITY[sdk=iphoneos*]" = "iPhone Developer";
				COPY_PHASE_STRIP = NO;
				DEBUG_INFORMATION_FORMAT = dwarf;
				ENABLE_STRICT_OBJC_MSGSEND = YES;
				ENABLE_TESTABILITY = YES;
				GCC_C_LANGUAGE_STANDARD = gnu99;
				GCC_DYNAMIC_NO_PIC = NO;
				GCC_NO_COMMON_BLOCKS = YES;
				GCC_OPTIMIZATION_LEVEL = 0;
				GCC_PREPROCESSOR_DEFINITIONS = (
					"DEBUG=1",
					"$(inherited)",
				);
				GCC_WARN_64_TO_32_BIT_CONVERSION = YES;
				GCC_WARN_ABOUT_RETURN_TYPE = YES_ERROR;
				GCC_WARN_UNDECLARED_SELECTOR = YES;
				GCC_WARN_UNINITIALIZED_AUTOS = YES_AGGRESSIVE;
				GCC_WARN_UNUSED_FUNCTION = YES;
				GCC_WARN_UNUSED_VARIABLE = YES;
				IPHONEOS_DEPLOYMENT_TARGET = 10.3;
				MTL_ENABLE_DEBUG_INFO = YES;
				ONLY_ACTIVE_ARCH = YES;
				SDKROOT = iphoneos;
				SWIFT_ACTIVE_COMPILATION_CONDITIONS = DEBUG;
				SWIFT_OPTIMIZATION_LEVEL = "-Onone";
				TARGETED_DEVICE_FAMILY = "1,2";
			};
			name = Debug;
		};
		61F7B2431EC96AF600674EC7 /* Release */ = {
			isa = XCBuildConfiguration;
			buildSettings = {
				ALWAYS_SEARCH_USER_PATHS = NO;
				CLANG_ANALYZER_NONNULL = YES;
				CLANG_ANALYZER_NUMBER_OBJECT_CONVERSION = YES_AGGRESSIVE;
				CLANG_CXX_LANGUAGE_STANDARD = "gnu++0x";
				CLANG_CXX_LIBRARY = "libc++";
				CLANG_ENABLE_MODULES = YES;
				CLANG_ENABLE_OBJC_ARC = YES;
				CLANG_WARN_BOOL_CONVERSION = YES;
				CLANG_WARN_CONSTANT_CONVERSION = YES;
				CLANG_WARN_DIRECT_OBJC_ISA_USAGE = YES_ERROR;
				CLANG_WARN_DOCUMENTATION_COMMENTS = YES;
				CLANG_WARN_EMPTY_BODY = YES;
				CLANG_WARN_ENUM_CONVERSION = YES;
				CLANG_WARN_INFINITE_RECURSION = YES;
				CLANG_WARN_INT_CONVERSION = YES;
				CLANG_WARN_OBJC_ROOT_CLASS = YES_ERROR;
				CLANG_WARN_SUSPICIOUS_MOVE = YES;
				CLANG_WARN_UNREACHABLE_CODE = YES;
				CLANG_WARN__DUPLICATE_METHOD_MATCH = YES;
				"CODE_SIGN_IDENTITY[sdk=iphoneos*]" = "iPhone Developer";
				COPY_PHASE_STRIP = NO;
				DEBUG_INFORMATION_FORMAT = "dwarf-with-dsym";
				ENABLE_NS_ASSERTIONS = NO;
				ENABLE_STRICT_OBJC_MSGSEND = YES;
				GCC_C_LANGUAGE_STANDARD = gnu99;
				GCC_NO_COMMON_BLOCKS = YES;
				GCC_WARN_64_TO_32_BIT_CONVERSION = YES;
				GCC_WARN_ABOUT_RETURN_TYPE = YES_ERROR;
				GCC_WARN_UNDECLARED_SELECTOR = YES;
				GCC_WARN_UNINITIALIZED_AUTOS = YES_AGGRESSIVE;
				GCC_WARN_UNUSED_FUNCTION = YES;
				GCC_WARN_UNUSED_VARIABLE = YES;
				IPHONEOS_DEPLOYMENT_TARGET = 10.3;
				MTL_ENABLE_DEBUG_INFO = NO;
				SDKROOT = iphoneos;
				SWIFT_OPTIMIZATION_LEVEL = "-Owholemodule";
				TARGETED_DEVICE_FAMILY = "1,2";
				VALIDATE_PRODUCT = YES;
			};
			name = Release;
		};
		61F7B2451EC96AF600674EC7 /* Debug */ = {
			isa = XCBuildConfiguration;
			buildSettings = {
				ASSETCATALOG_COMPILER_APPICON_NAME = AppIcon;
				DEVELOPMENT_TEAM = 9A9LR934E6;
				INFOPLIST_FILE = YogaClub/Info.plist;
				LD_RUNPATH_SEARCH_PATHS = "$(inherited) @executable_path/Frameworks";
				PRODUCT_BUNDLE_IDENTIFIER = com.YogaClubApp;
				PRODUCT_NAME = "$(TARGET_NAME)";
				SWIFT_VERSION = 3.0;
			};
			name = Debug;
		};
		61F7B2461EC96AF600674EC7 /* Release */ = {
			isa = XCBuildConfiguration;
			buildSettings = {
				ASSETCATALOG_COMPILER_APPICON_NAME = AppIcon;
				DEVELOPMENT_TEAM = 9A9LR934E6;
				INFOPLIST_FILE = YogaClub/Info.plist;
				LD_RUNPATH_SEARCH_PATHS = "$(inherited) @executable_path/Frameworks";
				PRODUCT_BUNDLE_IDENTIFIER = com.YogaClubApp;
				PRODUCT_NAME = "$(TARGET_NAME)";
				SWIFT_VERSION = 3.0;
			};
			name = Release;
		};
/* End XCBuildConfiguration section */

/* Begin XCConfigurationList section */
		61F7B22D1EC96AF600674EC7 /* Build configuration list for PBXProject "YogaClub" */ = {
			isa = XCConfigurationList;
			buildConfigurations = (
				61F7B2421EC96AF600674EC7 /* Debug */,
				61F7B2431EC96AF600674EC7 /* Release */,
			);
			defaultConfigurationIsVisible = 0;
			defaultConfigurationName = Release;
		};
		61F7B2441EC96AF600674EC7 /* Build configuration list for PBXNativeTarget "YogaClub" */ = {
			isa = XCConfigurationList;
			buildConfigurations = (
				61F7B2451EC96AF600674EC7 /* Debug */,
				61F7B2461EC96AF600674EC7 /* Release */,
			);
			defaultConfigurationIsVisible = 0;
			defaultConfigurationName = Release;
		};
/* End XCConfigurationList section */
	};
	rootObject = 61F7B22A1EC96AF600674EC7 /* Project object */;
}
